# This file is automatically @generated by Cargo.
# It is not intended for manual editing.
[[package]]
name = "advanca-worker-enclave"
version = "0.1.0"
dependencies = [
 "base64",
 "env_logger",
 "hex",
 "log 0.4.10",
 "parity-scale-codec",
 "primitive-types",
 "protobuf 2.8.1 (git+https://github.com/mesalock-linux/rust-protobuf-sgx?branch=v2.8)",
 "protos-enclave",
 "serde 1.0.105",
 "serde_derive",
 "serde_json",
 "sgx_rand",
 "sgx_serialize",
 "sgx_tcrypto",
 "sgx_tcrypto_helper",
 "sgx_trts",
 "sgx_tse",
 "sgx_tseal",
 "sgx_tstd",
 "sgx_tunittest",
 "sgx_types",
]

[[package]]
name = "aho-corasick"
version = "0.7.6"
source = "git+https://github.com/mesalock-linux/aho-corasick-sgx#65dcfcb4b98ed197ec5e0c6f2eaf52a1f100a6af"
dependencies = [
 "memchr",
 "sgx_tstd",
]

[[package]]
name = "arrayvec"
version = "0.5.1"
source = "registry+https://github.com/rust-lang/crates.io-index"
checksum = "cff77d8686867eceff3105329d4698d96c2391c176d5d03adc90c7389162b5b8"

[[package]]
name = "autocfg"
version = "1.0.0"
source = "registry+https://github.com/rust-lang/crates.io-index"
checksum = "f8aac770f1885fd7e387acedd76065302551364496e46b3dd00860b2f8359b9d"

[[package]]
name = "base64"
version = "0.10.1"
source = "git+https://github.com/mesalock-linux/rust-base64-sgx#cea11524d6a0916df66003e4635c0e686bec7b7b"
dependencies = [
 "sgx_tstd",
]

[[package]]
name = "byte-slice-cast"
version = "0.3.5"
source = "registry+https://github.com/rust-lang/crates.io-index"
checksum = "b0a5e3906bcbf133e33c1d4d95afc664ad37fbdb9f6568d8043e7ea8c27d93d3"

[[package]]
name = "byteorder"
version = "1.3.4"
source = "registry+https://github.com/rust-lang/crates.io-index"
checksum = "08c48aae112d48ed9f069b33538ea9e3e90aa263cfa3d1c24309612b1f7472de"

[[package]]
name = "cc"
version = "1.0.50"
source = "registry+https://github.com/rust-lang/crates.io-index"
checksum = "95e28fa049fda1c330bcf9d723be7663a899c4679724b34c81e9f5a326aab8cd"

[[package]]
name = "cfg-if"
version = "0.1.10"
source = "registry+https://github.com/rust-lang/crates.io-index"
checksum = "4785bdd1c96b2a846b2bd7cc02e86b6b3dbf14e7e53446c4f54c92a361040822"

[[package]]
name = "crunchy"
version = "0.2.2"
source = "registry+https://github.com/rust-lang/crates.io-index"
checksum = "7a81dae078cea95a014a339291cec439d2f232ebe854a9d672b796c6afafa9b7"

[[package]]
name = "either"
version = "1.5.3"
source = "registry+https://github.com/rust-lang/crates.io-index"
checksum = "bb1f6b1ce1c140482ea30ddd3335fc0024ac7ee112895426e0a629a6c20adfe3"

[[package]]
name = "env_logger"
version = "0.7.1"
source = "git+https://github.com/mesalock-linux/env_logger-sgx#ca9be302e3744d5ca3dcabefeca0efe65ebd94f1"
dependencies = [
 "humantime",
 "log 0.4.10",
 "regex",
 "sgx_tstd",
 "termcolor",
]

[[package]]
name = "fixed-hash"
version = "0.5.2"
source = "registry+https://github.com/rust-lang/crates.io-index"
checksum = "3367952ceb191f4ab95dd5685dc163ac539e36202f9fcfd0cb22f9f9c542fefc"
dependencies = [
 "static_assertions",
]

[[package]]
name = "getrandom"
version = "0.1.14"
source = "registry+https://github.com/rust-lang/crates.io-index"
checksum = "7abc8dd8451921606d809ba32e95b6111925cd2906060d2dcc29c070220503eb"
dependencies = [
 "cfg-if",
 "libc",
 "wasi",
]

[[package]]
name = "hashbrown_tstd"
version = "0.7.1"
dependencies = [
 "autocfg",
]

[[package]]
name = "hex"
version = "0.4.0"
source = "git+https://github.com/mesalock-linux/rust-hex-sgx#18cbe4d1cf27ab52ffccad124553807fbcc445bd"
dependencies = [
 "sgx_tstd",
]

[[package]]
name = "humantime"
version = "1.3.0"
source = "git+https://github.com/mesalock-linux/humantime-sgx#b261520acda133ce5b682735ddcd4e95cd34ed67"
dependencies = [
 "quick-error",
 "sgx_tstd",
]

[[package]]
name = "impl-codec"
version = "0.4.2"
source = "registry+https://github.com/rust-lang/crates.io-index"
checksum = "1be51a921b067b0eaca2fad532d9400041561aa922221cc65f95a85641c6bf53"
dependencies = [
 "parity-scale-codec",
]

[[package]]
name = "itertools"
version = "0.9.0"
source = "registry+https://github.com/rust-lang/crates.io-index"
checksum = "284f18f85651fe11e8a991b2adb42cb078325c996ed026d994719efcfca1d54b"
dependencies = [
 "either",
]

[[package]]
name = "itoa"
version = "0.4.5"
source = "git+https://github.com/mesalock-linux/itoa-sgx.git#b5c29afd29b9d246869d9375bdc0c228efdbf29d"
dependencies = [
 "sgx_tstd",
]

[[package]]
name = "lazy_static"
version = "1.4.0"
source = "registry+https://github.com/rust-lang/crates.io-index"
checksum = "e2abad23fbc42b3700f2f279844dc832adb2b2eb069b2df918f455c4e18cc646"
dependencies = [
 "spin",
]

[[package]]
name = "libc"
version = "0.2.68"
source = "registry+https://github.com/rust-lang/crates.io-index"
checksum = "dea0c0405123bba743ee3f91f49b1c7cfb684eef0da0a50110f758ccf24cdff0"

[[package]]
name = "log"
version = "0.4.8"
source = "registry+https://github.com/rust-lang/crates.io-index"
checksum = "14b6052be84e6b71ab17edffc2eeabf5c2c3ae1fdb464aae35ac50c67a44e1f7"
dependencies = [
 "cfg-if",
]

[[package]]
name = "log"
version = "0.4.10"
source = "git+https://github.com/mesalock-linux/log-sgx#d4ff761c1f92d5a4650fe0ee6e75f203594923ca"
dependencies = [
 "cfg-if",
 "sgx_tstd",
]

[[package]]
name = "memchr"
version = "2.2.1"
source = "git+https://github.com/mesalock-linux/rust-memchr-sgx#7c09a9d7c5cf495762d3d52d2b9efee51cefabb5"
dependencies = [
 "sgx_libc",
 "sgx_tstd",
 "sgx_types",
]

[[package]]
name = "parity-scale-codec"
version = "1.3.0"
source = "registry+https://github.com/rust-lang/crates.io-index"
checksum = "329c8f7f4244ddb5c37c103641027a76c530e65e8e4b8240b29f81ea40508b17"
dependencies = [
 "arrayvec",
 "byte-slice-cast",
 "parity-scale-codec-derive",
]

[[package]]
name = "parity-scale-codec-derive"
version = "1.2.0"
source = "registry+https://github.com/rust-lang/crates.io-index"
checksum = "5a0ec292e92e8ec7c58e576adacc1e3f399c597c8f263c42f18420abe58e7245"
dependencies = [
 "proc-macro-crate",
 "proc-macro2",
 "quote",
 "syn",
]

[[package]]
name = "ppv-lite86"
version = "0.2.6"
source = "registry+https://github.com/rust-lang/crates.io-index"
checksum = "74490b50b9fbe561ac330df47c08f3f33073d2d00c150f719147d7c54522fa1b"

[[package]]
name = "primitive-types"
version = "0.6.2"
source = "registry+https://github.com/rust-lang/crates.io-index"
checksum = "e4336f4f5d5524fa60bcbd6fe626f9223d8142a50e7053e979acdf0da41ab975"
dependencies = [
 "fixed-hash",
 "impl-codec",
 "uint",
]

[[package]]
name = "proc-macro-crate"
version = "0.1.4"
source = "registry+https://github.com/rust-lang/crates.io-index"
checksum = "e10d4b51f154c8a7fb96fd6dad097cb74b863943ec010ac94b9fd1be8861fe1e"
dependencies = [
 "toml",
]

[[package]]
name = "proc-macro2"
version = "1.0.10"
source = "registry+https://github.com/rust-lang/crates.io-index"
checksum = "df246d292ff63439fea9bc8c0a270bed0e390d5ebd4db4ba15aba81111b5abe3"
dependencies = [
 "unicode-xid",
]

[[package]]
name = "protobuf"
version = "2.8.1"
source = "git+https://github.com/mesalock-linux/rust-protobuf-sgx?branch=v2.8#7ba45837e7d8322e48b84f151e2d5a164921120d"
dependencies = [
 "sgx_tstd",
]

[[package]]
name = "protobuf"
version = "2.8.1"
source = "registry+https://github.com/rust-lang/crates.io-index"
checksum = "40361836defdd5871ff7e84096c6f6444af7fc157f8ef1789f54f147687caa20"

[[package]]
name = "protobuf-codegen"
version = "2.8.1"
source = "registry+https://github.com/rust-lang/crates.io-index"
checksum = "12c6abd78435445fc86898ebbd0521a68438063d4a73e23527b7134e6bf58b4a"
dependencies = [
 "protobuf 2.8.1 (registry+https://github.com/rust-lang/crates.io-index)",
]

[[package]]
name = "protoc"
version = "2.8.1"
source = "registry+https://github.com/rust-lang/crates.io-index"
checksum = "3998c4bc0af8ccbd3cc68245ee9f72663c5ae2fb78bc48ff7719aef11562edea"
dependencies = [
 "log 0.4.8",
]

[[package]]
name = "protoc-rust"
version = "2.8.1"
source = "registry+https://github.com/rust-lang/crates.io-index"
checksum = "234c97039c32bb58a883d0deafa57db37e59428ce536f3bdfe1c46cffec04113"
dependencies = [
 "protobuf 2.8.1 (registry+https://github.com/rust-lang/crates.io-index)",
 "protobuf-codegen",
 "protoc",
 "tempfile",
]

[[package]]
name = "protos-enclave"
version = "0.1.0"
dependencies = [
 "protobuf 2.8.1 (git+https://github.com/mesalock-linux/rust-protobuf-sgx?branch=v2.8)",
 "protoc-rust",
 "sgx_tstd",
 "sgx_types",
]

[[package]]
name = "quick-error"
version = "1.2.2"
source = "git+https://github.com/mesalock-linux/quick-error-sgx#0d5e290435db03d57c325fb3619b9d39c911d3f3"

[[package]]
name = "quote"
version = "1.0.3"
source = "registry+https://github.com/rust-lang/crates.io-index"
checksum = "2bdc6c187c65bca4260c9011c9e3132efe4909da44726bad24cf7572ae338d7f"
dependencies = [
 "proc-macro2",
]

[[package]]
name = "rand"
version = "0.7.3"
source = "registry+https://github.com/rust-lang/crates.io-index"
checksum = "6a6b1679d49b24bbfe0c803429aa1874472f50d9b363131f0e89fc356b544d03"
dependencies = [
 "getrandom",
 "libc",
 "rand_chacha",
 "rand_core",
 "rand_hc",
]

[[package]]
name = "rand_chacha"
version = "0.2.2"
source = "registry+https://github.com/rust-lang/crates.io-index"
checksum = "f4c8ed856279c9737206bf725bf36935d8666ead7aa69b52be55af369d193402"
dependencies = [
 "ppv-lite86",
 "rand_core",
]

[[package]]
name = "rand_core"
version = "0.5.1"
source = "registry+https://github.com/rust-lang/crates.io-index"
checksum = "90bde5296fc891b0cef12a6d03ddccc162ce7b2aff54160af9338f8d40df6d19"
dependencies = [
 "getrandom",
]

[[package]]
name = "rand_hc"
version = "0.2.0"
source = "registry+https://github.com/rust-lang/crates.io-index"
checksum = "ca3129af7b92a17112d59ad498c6f81eaf463253766b90396d39ea7a39d6613c"
dependencies = [
 "rand_core",
]

[[package]]
name = "redox_syscall"
version = "0.1.56"
source = "registry+https://github.com/rust-lang/crates.io-index"
checksum = "2439c63f3f6139d1b57529d16bc3b8bb855230c8efcc5d3a896c8bea7c3b1e84"

[[package]]
name = "regex"
version = "1.3.1"
source = "git+https://github.com/mesalock-linux/regex-sgx#9a3e9ada88a91b29b1ea9c2180a76158490461c5"
dependencies = [
 "aho-corasick",
 "memchr",
 "regex-syntax",
 "sgx_tstd",
 "thread_local",
]

[[package]]
name = "regex-syntax"
version = "0.6.12"
source = "git+https://github.com/mesalock-linux/regex-sgx#9a3e9ada88a91b29b1ea9c2180a76158490461c5"
dependencies = [
 "sgx_tstd",
]

[[package]]
name = "remove_dir_all"
version = "0.5.2"
source = "registry+https://github.com/rust-lang/crates.io-index"
checksum = "4a83fa3702a688b9359eccba92d153ac33fd2e8462f9e0e3fdf155239ea7792e"
dependencies = [
 "winapi",
]

[[package]]
name = "rustc-hex"
version = "2.1.0"
source = "registry+https://github.com/rust-lang/crates.io-index"
checksum = "3e75f6a532d0fd9f7f13144f392b6ad56a32696bfcd9c78f797f16bbb6f072d6"

[[package]]
name = "ryu"
version = "1.0.3"
source = "registry+https://github.com/rust-lang/crates.io-index"
checksum = "535622e6be132bccd223f4bb2b8ac8d53cda3c7a6394944d3b2b33fb974f9d76"

[[package]]
name = "serde"
version = "1.0.105"
source = "git+https://github.com/mesalock-linux/serde-sgx#ef8226dfcaf5b704cd7db8ac6969dfd02b177572"
dependencies = [
 "sgx_tstd",
]

[[package]]
name = "serde"
version = "1.0.106"
source = "registry+https://github.com/rust-lang/crates.io-index"
checksum = "36df6ac6412072f67cf767ebbde4133a5b2e88e76dc6187fa7104cd16f783399"

[[package]]
name = "serde-big-array"
version = "0.1.5"
source = "git+https://github.com/mesalock-linux/serde-big-array-sgx#e23aa4421329f727cc26b775a06723d3380591ee"
dependencies = [
 "serde 1.0.105",
 "serde_derive",
]

[[package]]
name = "serde_derive"
version = "1.0.105"
source = "git+https://github.com/mesalock-linux/serde-sgx#ef8226dfcaf5b704cd7db8ac6969dfd02b177572"
dependencies = [
 "proc-macro2",
 "quote",
 "syn",
]

[[package]]
name = "serde_json"
version = "1.0.40"
source = "git+https://github.com/mesalock-linux/serde-json-sgx#c28ad9a3c7a351c452afb54f4268292611f15e77"
dependencies = [
 "itoa",
 "ryu",
 "serde 1.0.105",
 "sgx_tstd",
]

[[package]]
name = "sgx_alloc"
version = "1.1.1"

[[package]]
name = "sgx_backtrace_sys"
version = "1.1.1"
dependencies = [
 "cc",
 "sgx_build_helper",
 "sgx_libc",
]

[[package]]
name = "sgx_build_helper"
version = "0.1.3"

[[package]]
name = "sgx_crypto_helper"
version = "1.1.1"
dependencies = [
 "itertools",
 "serde 1.0.105",
 "serde-big-array",
 "serde_derive",
 "sgx_tcrypto",
 "sgx_tstd",
 "sgx_types",
]

[[package]]
name = "sgx_demangle"
version = "1.1.1"

[[package]]
name = "sgx_libc"
version = "1.1.1"
dependencies = [
 "sgx_types",
]

[[package]]
name = "sgx_rand"
version = "1.1.1"
dependencies = [
 "sgx_trts",
 "sgx_tstd",
 "sgx_types",
]

[[package]]
name = "sgx_serialize"
version = "1.1.1"
dependencies = [
 "sgx_tstd",
]

[[package]]
name = "sgx_tcrypto"
version = "1.1.1"
dependencies = [
 "sgx_types",
]

[[package]]
name = "sgx_tcrypto_helper"
version = "1.1.1"
dependencies = [
 "sgx_crypto_helper",
]

[[package]]
name = "sgx_tprotected_fs"
version = "1.1.1"
dependencies = [
 "sgx_trts",
 "sgx_types",
]

[[package]]
name = "sgx_trts"
version = "1.1.1"
dependencies = [
 "sgx_libc",
 "sgx_types",
]

[[package]]
name = "sgx_tse"
version = "1.1.1"
dependencies = [
 "sgx_types",
]

[[package]]
name = "sgx_tseal"
version = "1.1.1"
dependencies = [
 "sgx_tcrypto",
 "sgx_trts",
 "sgx_tse",
 "sgx_types",
]

[[package]]
name = "sgx_tstd"
version = "1.1.1"
dependencies = [
 "hashbrown_tstd",
 "sgx_alloc",
 "sgx_backtrace_sys",
 "sgx_demangle",
 "sgx_libc",
 "sgx_tprotected_fs",
 "sgx_trts",
 "sgx_types",
 "sgx_unwind",
]

[[package]]
name = "sgx_tunittest"
version = "1.1.1"
dependencies = [
 "sgx_tstd",
]

[[package]]
name = "sgx_types"
version = "1.1.1"

[[package]]
name = "sgx_unwind"
version = "0.1.1"
dependencies = [
 "sgx_build_helper",
]

[[package]]
name = "spin"
version = "0.5.2"
source = "registry+https://github.com/rust-lang/crates.io-index"
checksum = "6e63cff320ae2c57904679ba7cb63280a3dc4613885beafb148ee7bf9aa9042d"

[[package]]
name = "static_assertions"
version = "1.1.0"
source = "registry+https://github.com/rust-lang/crates.io-index"
checksum = "a2eb9349b6444b326872e140eb1cf5e7c522154d69e7a0ffb0fb81c06b37543f"

[[package]]
name = "syn"
version = "1.0.17"
source = "registry+https://github.com/rust-lang/crates.io-index"
checksum = "0df0eb663f387145cab623dea85b09c2c5b4b0aef44e945d928e682fce71bb03"
dependencies = [
 "proc-macro2",
 "quote",
 "unicode-xid",
]

[[package]]
name = "tempfile"
version = "3.1.0"
source = "registry+https://github.com/rust-lang/crates.io-index"
checksum = "7a6e24d9338a0a5be79593e2fa15a648add6138caa803e2d5bc782c371732ca9"
dependencies = [
 "cfg-if",
 "libc",
 "rand",
 "redox_syscall",
 "remove_dir_all",
 "winapi",
]

[[package]]
name = "termcolor"
version = "1.0.5"
source = "git+https://github.com/mesalock-linux/termcolor-sgx#3cf5aa400d99551aa24bfb56727968a7ddfb703a"
dependencies = [
 "sgx_tstd",
]

[[package]]
name = "thread_local"
version = "1.0.0"
source = "git+https://github.com/mesalock-linux/thread_local-rs-sgx#2efa86b11bf6e88d7271c4d8484fd460ac4b46bc"
dependencies = [
 "lazy_static",
 "sgx_tstd",
]

[[package]]
name = "toml"
version = "0.5.6"
source = "registry+https://github.com/rust-lang/crates.io-index"
checksum = "ffc92d160b1eef40665be3a05630d003936a3bc7da7421277846c2613e92c71a"
dependencies = [
 "serde 1.0.106",
]

[[package]]
name = "uint"
version = "0.8.2"
source = "registry+https://github.com/rust-lang/crates.io-index"
checksum = "e75a4cdd7b87b28840dba13c483b9a88ee6bbf16ba5c951ee1ecfcf723078e0d"
dependencies = [
 "byteorder",
 "crunchy",
 "rustc-hex",
 "static_assertions",
]

[[package]]
name = "unicode-xid"
version = "0.2.0"
source = "registry+https://github.com/rust-lang/crates.io-index"
checksum = "826e7639553986605ec5979c7dd957c7895e93eabed50ab2ffa7f6128a75097c"

[[package]]
name = "wasi"
version = "0.9.0+wasi-snapshot-preview1"
source = "registry+https://github.com/rust-lang/crates.io-index"
checksum = "cccddf32554fecc6acb585f82a32a72e28b48f8c4c1883ddfeeeaa96f7d8e519"

[[package]]
name = "winapi"
version = "0.3.8"
source = "registry+https://github.com/rust-lang/crates.io-index"
checksum = "8093091eeb260906a183e6ae1abdba2ef5ef2257a21801128899c3fc699229c6"
dependencies = [
 "winapi-i686-pc-windows-gnu",
 "winapi-x86_64-pc-windows-gnu",
]

[[package]]
name = "winapi-i686-pc-windows-gnu"
version = "0.4.0"
source = "registry+https://github.com/rust-lang/crates.io-index"
checksum = "ac3b87c63620426dd9b991e5ce0329eff545bccbbb34f3be09ff6fb6ab51b7b6"

[[package]]
name = "winapi-x86_64-pc-windows-gnu"
version = "0.4.0"
source = "registry+https://github.com/rust-lang/crates.io-index"
checksum = "712e227841d057c1ee1cd2fb22fa7e5a5461ae8e48fa2ca79ec42cfc1931183f"
